
Microsoft Visual Studio Solution File, Format Version 12.00
# Visual Studio 15
VisualStudioVersion = 15.0.28307.539
MinimumVisualStudioVersion = 10.0.40219.1
Project("{FAE04EC0-301F-11D3-BF4B-00C04F79EFBC}") = "Trie", "Trie\Trie.csproj", "{20593C8D-8A8E-42BE-8E9D-8C93145B8E52}"
	ProjectSection(ProjectDependencies) = postProject
		{3DE2ED5C-D23E-45FC-8FD6-00971542837F} = {3DE2ED5C-D23E-45FC-8FD6-00971542837F}
	EndProjectSection
EndProject
Project("{FAE04EC0-301F-11D3-BF4B-00C04F79EFBC}") = "AutoComplete-Trie-", "..\AutoComplete-Trie-\AutoComplete-Trie-.csproj", "{3DE2ED5C-D23E-45FC-8FD6-00971542837F}"
EndProject
Global
	GlobalSection(SolutionConfigurationPlatforms) = preSolution
		Debug|Any CPU = Debug|Any CPU
		Release|Any CPU = Release|Any CPU
	EndGlobalSection
	GlobalSection(ProjectConfigurationPlatforms) = postSolution
		{20593C8D-8A8E-42BE-8E9D-8C93145B8E52}.Debug|Any CPU.ActiveCfg = Debug|Any CPU
		{20593C8D-8A8E-42BE-8E9D-8C93145B8E52}.Debug|Any CPU.Build.0 = Debug|Any CPU
		{20593C8D-8A8E-42BE-8E9D-8C93145B8E52}.Release|Any CPU.ActiveCfg = Release|Any CPU
		{20593C8D-8A8E-42BE-8E9D-8C93145B8E52}.Release|Any CPU.Build.0 = Release|Any CPU
		{3DE2ED5C-D23E-45FC-8FD6-00971542837F}.Debug|Any CPU.ActiveCfg = Debug|Any CPU
		{3DE2ED5C-D23E-45FC-8FD6-00971542837F}.Debug|Any CPU.Build.0 = Debug|Any CPU
		{3DE2ED5C-D23E-45FC-8FD6-00971542837F}.Release|Any CPU.ActiveCfg = Release|Any CPU
		{3DE2ED5C-D23E-45FC-8FD6-00971542837F}.Release|Any CPU.Build.0 = Release|Any CPU
	EndGlobalSection
	GlobalSection(SolutionProperties) = preSolution
		HideSolutionNode = FALSE
	EndGlobalSection
	GlobalSection(ExtensibilityGlobals) = postSolution
		SolutionGuid = {40AFE9B0-9AFF-4954-94A4-4D3C047E179E}
	EndGlobalSection
EndGlobal
